
Microsoft Visual Studio Solution File, Format Version 12.00
# Visual Studio Version 17
VisualStudioVersion = 17.8.34330.188
MinimumVisualStudioVersion = 10.0.40219.1
Project("{FAE04EC0-301F-11D3-BF4B-00C04F79EFBC}") = "Dragons With AK-47", "Dragons With AK-47.csproj", "{2410BA12-A260-4B64-BDDB-1630F4AEFE50}"
EndProject
Global
	GlobalSection(SolutionConfigurationPlatforms) = preSolution
		Debug|Any CPU = Debug|Any CPU
		Release|Any CPU = Release|Any CPU
	EndGlobalSection
	GlobalSection(ProjectConfigurationPlatforms) = postSolution
		{2410BA12-A260-4B64-BDDB-1630F4AEFE50}.Debug|Any CPU.ActiveCfg = Debug|Any CPU
		{2410BA12-A260-4B64-BDDB-1630F4AEFE50}.Debug|Any CPU.Build.0 = Debug|Any CPU
		{2410BA12-A260-4B64-BDDB-1630F4AEFE50}.Release|Any CPU.ActiveCfg = Release|Any CPU
		{2410BA12-A260-4B64-BDDB-1630F4AEFE50}.Release|Any CPU.Build.0 = Release|Any CPU
	EndGlobalSection
	GlobalSection(SolutionProperties) = preSolution
		HideSolutionNode = FALSE
	EndGlobalSection
	GlobalSection(ExtensibilityGlobals) = postSolution
		SolutionGuid = {183278B1-74C0-448D-8A1A-0FDA5089B313}
	EndGlobalSection
EndGlobal
